
Microsoft Visual Studio Solution File, Format Version 12.00
# Visual Studio 14
VisualStudioVersion = 14.0.25420.1
MinimumVisualStudioVersion = 10.0.40219.1
Project("{FAE04EC0-301F-11D3-BF4B-00C04F79EFBC}") = "POS", "POS\POS.csproj", "{3EC35FF3-0231-4972-8E01-A8C419E4DB44}"
EndProject
Project("{FAE04EC0-301F-11D3-BF4B-00C04F79EFBC}") = "POS.DAL", "POS.DAL\POS.DAL.csproj", "{0D628D84-7BDD-4E97-96C4-AF9E41590DDF}"
EndProject
Project("{FAE04EC0-301F-11D3-BF4B-00C04F79EFBC}") = "POS.BO", "POS.BO\POS.BO.csproj", "{38D47371-E2F2-474B-8877-2BDFBBF8B35F}"
EndProject
Project("{FAE04EC0-301F-11D3-BF4B-00C04F79EFBC}") = "POS.BLL", "POS.BLL\POS.BLL.csproj", "{9043FAF3-36D0-4E85-9EFD-9F2AED5809A3}"
EndProject
Project("{FAE04EC0-301F-11D3-BF4B-00C04F79EFBC}") = "POS.IDAL", "POS.IDAL\POS.IDAL.csproj", "{7B471C2C-FD29-45F8-8819-A0AD242378D5}"
EndProject
Project("{FAE04EC0-301F-11D3-BF4B-00C04F79EFBC}") = "POS.COMMON", "POS.COMMON\POS.COMMON.csproj", "{5023EE57-E25F-4EF0-805C-25E4D755CC0C}"
EndProject
Global
	GlobalSection(SolutionConfigurationPlatforms) = preSolution
		Debug|Any CPU = Debug|Any CPU
		Release|Any CPU = Release|Any CPU
	EndGlobalSection
	GlobalSection(ProjectConfigurationPlatforms) = postSolution
		{3EC35FF3-0231-4972-8E01-A8C419E4DB44}.Debug|Any CPU.ActiveCfg = Debug|Any CPU
		{3EC35FF3-0231-4972-8E01-A8C419E4DB44}.Debug|Any CPU.Build.0 = Debug|Any CPU
		{3EC35FF3-0231-4972-8E01-A8C419E4DB44}.Release|Any CPU.ActiveCfg = Release|Any CPU
		{3EC35FF3-0231-4972-8E01-A8C419E4DB44}.Release|Any CPU.Build.0 = Release|Any CPU
		{0D628D84-7BDD-4E97-96C4-AF9E41590DDF}.Debug|Any CPU.ActiveCfg = Debug|Any CPU
		{0D628D84-7BDD-4E97-96C4-AF9E41590DDF}.Debug|Any CPU.Build.0 = Debug|Any CPU
		{0D628D84-7BDD-4E97-96C4-AF9E41590DDF}.Release|Any CPU.ActiveCfg = Release|Any CPU
		{0D628D84-7BDD-4E97-96C4-AF9E41590DDF}.Release|Any CPU.Build.0 = Release|Any CPU
		{38D47371-E2F2-474B-8877-2BDFBBF8B35F}.Debug|Any CPU.ActiveCfg = Debug|Any CPU
		{38D47371-E2F2-474B-8877-2BDFBBF8B35F}.Debug|Any CPU.Build.0 = Debug|Any CPU
		{38D47371-E2F2-474B-8877-2BDFBBF8B35F}.Release|Any CPU.ActiveCfg = Release|Any CPU
		{38D47371-E2F2-474B-8877-2BDFBBF8B35F}.Release|Any CPU.Build.0 = Release|Any CPU
		{9043FAF3-36D0-4E85-9EFD-9F2AED5809A3}.Debug|Any CPU.ActiveCfg = Debug|Any CPU
		{9043FAF3-36D0-4E85-9EFD-9F2AED5809A3}.Debug|Any CPU.Build.0 = Debug|Any CPU
		{9043FAF3-36D0-4E85-9EFD-9F2AED5809A3}.Release|Any CPU.ActiveCfg = Release|Any CPU
		{9043FAF3-36D0-4E85-9EFD-9F2AED5809A3}.Release|Any CPU.Build.0 = Release|Any CPU
		{7B471C2C-FD29-45F8-8819-A0AD242378D5}.Debug|Any CPU.ActiveCfg = Debug|Any CPU
		{7B471C2C-FD29-45F8-8819-A0AD242378D5}.Debug|Any CPU.Build.0 = Debug|Any CPU
		{7B471C2C-FD29-45F8-8819-A0AD242378D5}.Release|Any CPU.ActiveCfg = Release|Any CPU
		{7B471C2C-FD29-45F8-8819-A0AD242378D5}.Release|Any CPU.Build.0 = Release|Any CPU
		{5023EE57-E25F-4EF0-805C-25E4D755CC0C}.Debug|Any CPU.ActiveCfg = Debug|Any CPU
		{5023EE57-E25F-4EF0-805C-25E4D755CC0C}.Debug|Any CPU.Build.0 = Debug|Any CPU
		{5023EE57-E25F-4EF0-805C-25E4D755CC0C}.Release|Any CPU.ActiveCfg = Release|Any CPU
		{5023EE57-E25F-4EF0-805C-25E4D755CC0C}.Release|Any CPU.Build.0 = Release|Any CPU
	EndGlobalSection
	GlobalSection(SolutionProperties) = preSolution
		HideSolutionNode = FALSE
	EndGlobalSection
	GlobalSection(ExtensibilityGlobals) = postSolution
		SolutionGuid = {0EE049F4-93E3-4E58-AC33-138790D85E07}
	EndGlobalSection
EndGlobal
